
Microsoft Visual Studio Solution File, Format Version 12.00
# Visual Studio Version 16
VisualStudioVersion = 16.0.32126.315
MinimumVisualStudioVersion = 10.0.40219.1
Project("{9A19103F-16F7-4668-BE54-9A1E7A4F7556}") = "TEncryptDecrypt", "EncriptDecript\TEncryptDecrypt.csproj", "{1FC2A509-3CF9-4AA8-BDAF-A95A9B70BCD8}"
EndProject
Project("{54435603-DBB4-11D2-8724-00A0C9A8B90C}") = "TEncryptDecryptSetup", "TEncryptDecryptSetup\TEncryptDecryptSetup.vdproj", "{B9B89768-7C3E-4CB6-9C47-41CC7091297E}"
EndProject
Global
	GlobalSection(SolutionConfigurationPlatforms) = preSolution
		Debug|Any CPU = Debug|Any CPU
		Release|Any CPU = Release|Any CPU
	EndGlobalSection
	GlobalSection(ProjectConfigurationPlatforms) = postSolution
		{1FC2A509-3CF9-4AA8-BDAF-A95A9B70BCD8}.Debug|Any CPU.ActiveCfg = Debug|Any CPU
		{1FC2A509-3CF9-4AA8-BDAF-A95A9B70BCD8}.Debug|Any CPU.Build.0 = Debug|Any CPU
		{1FC2A509-3CF9-4AA8-BDAF-A95A9B70BCD8}.Release|Any CPU.ActiveCfg = Release|Any CPU
		{1FC2A509-3CF9-4AA8-BDAF-A95A9B70BCD8}.Release|Any CPU.Build.0 = Release|Any CPU
		{B9B89768-7C3E-4CB6-9C47-41CC7091297E}.Debug|Any CPU.ActiveCfg = Debug
		{B9B89768-7C3E-4CB6-9C47-41CC7091297E}.Release|Any CPU.ActiveCfg = Release
	EndGlobalSection
	GlobalSection(SolutionProperties) = preSolution
		HideSolutionNode = FALSE
	EndGlobalSection
	GlobalSection(ExtensibilityGlobals) = postSolution
		SolutionGuid = {DCB93C68-E38F-492F-BADB-475CEF916016}
	EndGlobalSection
EndGlobal
